
Microsoft Visual Studio Solution File, Format Version 12.00
Project("{FAE04EC0-301F-11D3-BF4B-00C04F79EFBC}") = "cp-1", "cp-1\cp-1.csproj", "{CF0DA8AC-0D9D-4D5F-AE47-6CA8CB5783BE}"
EndProject
Global
	GlobalSection(SolutionConfigurationPlatforms) = preSolution
		Debug|Any CPU = Debug|Any CPU
		Release|Any CPU = Release|Any CPU
	EndGlobalSection
	GlobalSection(ProjectConfigurationPlatforms) = postSolution
		{CF0DA8AC-0D9D-4D5F-AE47-6CA8CB5783BE}.Debug|Any CPU.ActiveCfg = Debug|Any CPU
		{CF0DA8AC-0D9D-4D5F-AE47-6CA8CB5783BE}.Debug|Any CPU.Build.0 = Debug|Any CPU
		{CF0DA8AC-0D9D-4D5F-AE47-6CA8CB5783BE}.Release|Any CPU.ActiveCfg = Release|Any CPU
		{CF0DA8AC-0D9D-4D5F-AE47-6CA8CB5783BE}.Release|Any CPU.Build.0 = Release|Any CPU
	EndGlobalSection
EndGlobal
